
Microsoft Visual Studio Solution File, Format Version 12.00
# Visual Studio Version 16
VisualStudioVersion = 16.0.32602.291
MinimumVisualStudioVersion = 10.0.40219.1
Project("{8BC9CEB8-8B4A-11D0-8D11-00A0C91BC942}") = "SimplyOperation", "SimplyOperation.vcxproj", "{70972175-0EDB-4819-A99D-8A2116C87E6C}"
EndProject
Global
	GlobalSection(SolutionConfigurationPlatforms) = preSolution
		Debug|x64 = Debug|x64
		Debug|x86 = Debug|x86
		Release|x64 = Release|x64
		Release|x86 = Release|x86
	EndGlobalSection
	GlobalSection(ProjectConfigurationPlatforms) = postSolution
		{70972175-0EDB-4819-A99D-8A2116C87E6C}.Debug|x64.ActiveCfg = Debug|x64
		{70972175-0EDB-4819-A99D-8A2116C87E6C}.Debug|x64.Build.0 = Debug|x64
		{70972175-0EDB-4819-A99D-8A2116C87E6C}.Debug|x86.ActiveCfg = Debug|Win32
		{70972175-0EDB-4819-A99D-8A2116C87E6C}.Debug|x86.Build.0 = Debug|Win32
		{70972175-0EDB-4819-A99D-8A2116C87E6C}.Release|x64.ActiveCfg = Release|x64
		{70972175-0EDB-4819-A99D-8A2116C87E6C}.Release|x64.Build.0 = Release|x64
		{70972175-0EDB-4819-A99D-8A2116C87E6C}.Release|x86.ActiveCfg = Release|Win32
		{70972175-0EDB-4819-A99D-8A2116C87E6C}.Release|x86.Build.0 = Release|Win32
	EndGlobalSection
	GlobalSection(SolutionProperties) = preSolution
		HideSolutionNode = FALSE
	EndGlobalSection
	GlobalSection(ExtensibilityGlobals) = postSolution
		SolutionGuid = {DFE0C85D-54B5-495A-9600-94F7123F84D4}
	EndGlobalSection
EndGlobal
